// !$*UTF8*$!
{
	archiveVersion = 1;
	classes = {
	};
	objectVersion = 46;
	objects = {

/* Begin PBXBuildFile section */
		044DCB511D35A04800A869BF /* NetworkCenter.swift in Sources */ = {isa = PBXBuildFile; fileRef = 044DCB501D35A04800A869BF /* NetworkCenter.swift */; };
		045C22111D344EE900687511 /* AppDelegate.swift in Sources */ = {isa = PBXBuildFile; fileRef = 045C22101D344EE900687511 /* AppDelegate.swift */; };
		045C22131D344EE900687511 /* PhotoListViewController.swift in Sources */ = {isa = PBXBuildFile; fileRef = 045C22121D344EE900687511 /* PhotoListViewController.swift */; };
		045C22161D344EE900687511 /* Main.storyboard in Resources */ = {isa = PBXBuildFile; fileRef = 045C22141D344EE900687511 /* Main.storyboard */; };
		045C22181D344EE900687511 /* Assets.xcassets in Resources */ = {isa = PBXBuildFile; fileRef = 045C22171D344EE900687511 /* Assets.xcassets */; };
		045C221B1D344EE900687511 /* LaunchScreen.storyboard in Resources */ = {isa = PBXBuildFile; fileRef = 045C22191D344EE900687511 /* LaunchScreen.storyboard */; };
		045C22261D344EE900687511 /* VivantTests.swift in Sources */ = {isa = PBXBuildFile; fileRef = 045C22251D344EE900687511 /* VivantTests.swift */; };
		045C22311D344F9700687511 /* IntroductionViewController.swift in Sources */ = {isa = PBXBuildFile; fileRef = 045C22301D344F9700687511 /* IntroductionViewController.swift */; };
		045C22351D346A1700687511 /* LoginViewController.swift in Sources */ = {isa = PBXBuildFile; fileRef = 045C22341D346A1700687511 /* LoginViewController.swift */; };
		045C22371D34AD1B00687511 /* Post.swift in Sources */ = {isa = PBXBuildFile; fileRef = 045C22361D34AD1B00687511 /* Post.swift */; };
		045C22391D34C63F00687511 /* PhotoListTableViewAssets.swift in Sources */ = {isa = PBXBuildFile; fileRef = 045C22381D34C63F00687511 /* PhotoListTableViewAssets.swift */; };
		045C223B1D34F59200687511 /* PhotoDetailViewController.swift in Sources */ = {isa = PBXBuildFile; fileRef = 045C223A1D34F59200687511 /* PhotoDetailViewController.swift */; };
/* End PBXBuildFile section */

/* Begin PBXContainerItemProxy section */
		045C22221D344EE900687511 /* PBXContainerItemProxy */ = {
			isa = PBXContainerItemProxy;
			containerPortal = 045C22051D344EE900687511 /* Project object */;
			proxyType = 1;
			remoteGlobalIDString = 045C220C1D344EE900687511;
			remoteInfo = Vivant;
		};
/* End PBXContainerItemProxy section */

/* Begin PBXFileReference section */
		044DCB501D35A04800A869BF /* NetworkCenter.swift */ = {isa = PBXFileReference; fileEncoding = 4; lastKnownFileType = sourcecode.swift; path = NetworkCenter.swift; sourceTree = "<group>"; };
		045C220D1D344EE900687511 /* Vivant.app */ = {isa = PBXFileReference; explicitFileType = wrapper.application; includeInIndex = 0; path = Vivant.app; sourceTree = BUILT_PRODUCTS_DIR; };
		045C22101D344EE900687511 /* AppDelegate.swift */ = {isa = PBXFileReference; lastKnownFileType = sourcecode.swift; path = AppDelegate.swift; sourceTree = "<group>"; };
		045C22121D344EE900687511 /* PhotoListViewController.swift */ = {isa = PBXFileReference; lastKnownFileType = sourcecode.swift; path = PhotoListViewController.swift; sourceTree = "<group>"; };
		045C22151D344EE900687511 /* Base */ = {isa = PBXFileReference; lastKnownFileType = file.storyboard; name = Base; path = Base.lproj/Main.storyboard; sourceTree = "<group>"; };
		045C22171D344EE900687511 /* Assets.xcassets */ = {isa = PBXFileReference; lastKnownFileType = folder.assetcatalog; path = Assets.xcassets; sourceTree = "<group>"; };
		045C221A1D344EE900687511 /* Base */ = {isa = PBXFileReference; lastKnownFileType = file.storyboard; name = Base; path = Base.lproj/LaunchScreen.storyboard; sourceTree = "<group>"; };
		045C221C1D344EE900687511 /* Info.plist */ = {isa = PBXFileReference; lastKnownFileType = text.plist.xml; path = Info.plist; sourceTree = "<group>"; };
		045C22211D344EE900687511 /* VivantTests.xctest */ = {isa = PBXFileReference; explicitFileType = wrapper.cfbundle; includeInIndex = 0; path = VivantTests.xctest; sourceTree = BUILT_PRODUCTS_DIR; };
		045C22251D344EE900687511 /* VivantTests.swift */ = {isa = PBXFileReference; lastKnownFileType = sourcecode.swift; path = VivantTests.swift; sourceTree = "<group>"; };
		045C22271D344EE900687511 /* Info.plist */ = {isa = PBXFileReference; lastKnownFileType = text.plist.xml; path = Info.plist; sourceTree = "<group>"; };
		045C22301D344F9700687511 /* IntroductionViewController.swift */ = {isa = PBXFileReference; fileEncoding = 4; lastKnownFileType = sourcecode.swift; path = IntroductionViewController.swift; sourceTree = "<group>"; };
		045C22341D346A1700687511 /* LoginViewController.swift */ = {isa = PBXFileReference; fileEncoding = 4; lastKnownFileType = sourcecode.swift; path = LoginViewController.swift; sourceTree = "<group>"; };
		045C22361D34AD1B00687511 /* Post.swift */ = {isa = PBXFileReference; fileEncoding = 4; lastKnownFileType = sourcecode.swift; path = Post.swift; sourceTree = "<group>"; };
		045C22381D34C63F00687511 /* PhotoListTableViewAssets.swift */ = {isa = PBXFileReference; fileEncoding = 4; lastKnownFileType = sourcecode.swift; path = PhotoListTableViewAssets.swift; sourceTree = "<group>"; };
		045C223A1D34F59200687511 /* PhotoDetailViewController.swift */ = {isa = PBXFileReference; fileEncoding = 4; lastKnownFileType = sourcecode.swift; path = PhotoDetailViewController.swift; sourceTree = "<group>"; };
/* End PBXFileReference section */

/* Begin PBXFrameworksBuildPhase section */
		045C220A1D344EE900687511 /* Frameworks */ = {
			isa = PBXFrameworksBuildPhase;
			buildActionMask = 2147483647;
			files = (
			);
			runOnlyForDeploymentPostprocessing = 0;
		};
		045C221E1D344EE900687511 /* Frameworks */ = {
			isa = PBXFrameworksBuildPhase;
			buildActionMask = 2147483647;
			files = (
			);
			runOnlyForDeploymentPostprocessing = 0;
		};
/* End PBXFrameworksBuildPhase section */

/* Begin PBXGroup section */
		045C22041D344EE900687511 = {
			isa = PBXGroup;
			children = (
				045C220F1D344EE900687511 /* Vivant */,
				045C22241D344EE900687511 /* VivantTests */,
				045C220E1D344EE900687511 /* Products */,
			);
			sourceTree = "<group>";
		};
		045C220E1D344EE900687511 /* Products */ = {
			isa = PBXGroup;
			children = (
				045C220D1D344EE900687511 /* Vivant.app */,
				045C22211D344EE900687511 /* VivantTests.xctest */,
			);
			name = Products;
			sourceTree = "<group>";
		};
		045C220F1D344EE900687511 /* Vivant */ = {
			isa = PBXGroup;
			children = (
				045C22101D344EE900687511 /* AppDelegate.swift */,
				045C22301D344F9700687511 /* IntroductionViewController.swift */,
				045C22341D346A1700687511 /* LoginViewController.swift */,
				045C22121D344EE900687511 /* PhotoListViewController.swift */,
				045C22381D34C63F00687511 /* PhotoListTableViewAssets.swift */,
				045C223A1D34F59200687511 /* PhotoDetailViewController.swift */,
				045C22361D34AD1B00687511 /* Post.swift */,
				044DCB501D35A04800A869BF /* NetworkCenter.swift */,
				045C22141D344EE900687511 /* Main.storyboard */,
				045C22171D344EE900687511 /* Assets.xcassets */,
				045C22191D344EE900687511 /* LaunchScreen.storyboard */,
				045C221C1D344EE900687511 /* Info.plist */,
			);
			path = Vivant;
			sourceTree = "<group>";
		};
		045C22241D344EE900687511 /* VivantTests */ = {
			isa = PBXGroup;
			children = (
				045C22251D344EE900687511 /* VivantTests.swift */,
				045C22271D344EE900687511 /* Info.plist */,
			);
			path = VivantTests;
			sourceTree = "<group>";
		};
/* End PBXGroup section */

/* Begin PBXNativeTarget section */
		045C220C1D344EE900687511 /* Vivant */ = {
			isa = PBXNativeTarget;
			buildConfigurationList = 045C222A1D344EE900687511 /* Build configuration list for PBXNativeTarget "Vivant" */;
			buildPhases = (
				045C22091D344EE900687511 /* Sources */,
				045C220A1D344EE900687511 /* Frameworks */,
				045C220B1D344EE900687511 /* Resources */,
			);
			buildRules = (
			);
			dependencies = (
			);
			name = Vivant;
			productName = Vivant;
			productReference = 045C220D1D344EE900687511 /* Vivant.app */;
			productType = "com.apple.product-type.application";
		};
		045C22201D344EE900687511 /* VivantTests */ = {
			isa = PBXNativeTarget;
			buildConfigurationList = 045C222D1D344EE900687511 /* Build configuration list for PBXNativeTarget "VivantTests" */;
			buildPhases = (
				045C221D1D344EE900687511 /* Sources */,
				045C221E1D344EE900687511 /* Frameworks */,
				045C221F1D344EE900687511 /* Resources */,
			);
			buildRules = (
			);
			dependencies = (
				045C22231D344EE900687511 /* PBXTargetDependency */,
			);
			name = VivantTests;
			productName = VivantTests;
			productReference = 045C22211D344EE900687511 /* VivantTests.xctest */;
			productType = "com.apple.product-type.bundle.unit-test";
		};
/* End PBXNativeTarget section */

/* Begin PBXProject section */
		045C22051D344EE900687511 /* Project object */ = {
			isa = PBXProject;
			attributes = {
				LastSwiftUpdateCheck = 0730;
				LastUpgradeCheck = 0730;
				ORGANIZATIONNAME = "Emad A.";
				TargetAttributes = {
					045C220C1D344EE900687511 = {
						CreatedOnToolsVersion = 7.3.1;
					};
					045C22201D344EE900687511 = {
						CreatedOnToolsVersion = 7.3.1;
						TestTargetID = 045C220C1D344EE900687511;
					};
				};
			};
			buildConfigurationList = 045C22081D344EE900687511 /* Build configuration list for PBXProject "Vivant" */;
			compatibilityVersion = "Xcode 3.2";
			developmentRegion = English;
			hasScannedForEncodings = 0;
			knownRegions = (
				en,
				Base,
			);
			mainGroup = 045C22041D344EE900687511;
			productRefGroup = 045C220E1D344EE900687511 /* Products */;
			projectDirPath = "";
			projectRoot = "";
			targets = (
				045C220C1D344EE900687511 /* Vivant */,
				045C22201D344EE900687511 /* VivantTests */,
			);
		};
/* End PBXProject section */

/* Begin PBXResourcesBuildPhase section */
		045C220B1D344EE900687511 /* Resources */ = {
			isa = PBXResourcesBuildPhase;
			buildActionMask = 2147483647;
			files = (
				045C221B1D344EE900687511 /* LaunchScreen.storyboard in Resources */,
				045C22181D344EE900687511 /* Assets.xcassets in Resources */,
				045C22161D344EE900687511 /* Main.storyboard in Resources */,
			);
			runOnlyForDeploymentPostprocessing = 0;
		};
		045C221F1D344EE900687511 /* Resources */ = {
			isa = PBXResourcesBuildPhase;
			buildActionMask = 2147483647;
			files = (
			);
			runOnlyForDeploymentPostprocessing = 0;
		};
/* End PBXResourcesBuildPhase section */

/* Begin PBXSourcesBuildPhase section */
		045C22091D344EE900687511 /* Sources */ = {
			isa = PBXSourcesBuildPhase;
			buildActionMask = 2147483647;
			files = (
				044DCB511D35A04800A869BF /* NetworkCenter.swift in Sources */,
				045C22131D344EE900687511 /* PhotoListViewController.swift in Sources */,
				045C22311D344F9700687511 /* IntroductionViewController.swift in Sources */,
				045C22391D34C63F00687511 /* PhotoListTableViewAssets.swift in Sources */,
				045C22371D34AD1B00687511 /* Post.swift in Sources */,
				045C22351D346A1700687511 /* LoginViewController.swift in Sources */,
				045C223B1D34F59200687511 /* PhotoDetailViewController.swift in Sources */,
				045C22111D344EE900687511 /* AppDelegate.swift in Sources */,
			);
			runOnlyForDeploymentPostprocessing = 0;
		};
		045C221D1D344EE900687511 /* Sources */ = {
			isa = PBXSourcesBuildPhase;
			buildActionMask = 2147483647;
			files = (
				045C22261D344EE900687511 /* VivantTests.swift in Sources */,
			);
			runOnlyForDeploymentPostprocessing = 0;
		};
/* End PBXSourcesBuildPhase section */

/* Begin PBXTargetDependency section */
		045C22231D344EE900687511 /* PBXTargetDependency */ = {
			isa = PBXTargetDependency;
			target = 045C220C1D344EE900687511 /* Vivant */;
			targetProxy = 045C22221D344EE900687511 /* PBXContainerItemProxy */;
		};
/* End PBXTargetDependency section */

/* Begin PBXVariantGroup section */
		045C22141D344EE900687511 /* Main.storyboard */ = {
			isa = PBXVariantGroup;
			children = (
				045C22151D344EE900687511 /* Base */,
			);
			name = Main.storyboard;
			sourceTree = "<group>";
		};
		045C22191D344EE900687511 /* LaunchScreen.storyboard */ = {
			isa = PBXVariantGroup;
			children = (
				045C221A1D344EE900687511 /* Base */,
			);
			name = LaunchScreen.storyboard;
			sourceTree = "<group>";
		};
/* End PBXVariantGroup section */

/* Begin XCBuildConfiguration section */
		045C22281D344EE900687511 /* Debug */ = {
			isa = XCBuildConfiguration;
			buildSettings = {
				ALWAYS_SEARCH_USER_PATHS = NO;
				CLANG_ANALYZER_NONNULL = YES;
				CLANG_CXX_LANGUAGE_STANDARD = "gnu++0x";
				CLANG_CXX_LIBRARY = "libc++";
				CLANG_ENABLE_MODULES = YES;
				CLANG_ENABLE_OBJC_ARC = YES;
				CLANG_WARN_BOOL_CONVERSION = YES;
				CLANG_WARN_CONSTANT_CONVERSION = YES;
				CLANG_WARN_DIRECT_OBJC_ISA_USAGE = YES_ERROR;
				CLANG_WARN_EMPTY_BODY = YES;
				CLANG_WARN_ENUM_CONVERSION = YES;
				CLANG_WARN_INT_CONVERSION = YES;
				CLANG_WARN_OBJC_ROOT_CLASS = YES_ERROR;
				CLANG_WARN_UNREACHABLE_CODE = YES;
				CLANG_WARN__DUPLICATE_METHOD_MATCH = YES;
				"CODE_SIGN_IDENTITY[sdk=iphoneos*]" = "iPhone Developer";
				COPY_PHASE_STRIP = NO;
				DEBUG_INFORMATION_FORMAT = dwarf;
				ENABLE_STRICT_OBJC_MSGSEND = YES;
				ENABLE_TESTABILITY = YES;
				GCC_C_LANGUAGE_STANDARD = gnu99;
				GCC_DYNAMIC_NO_PIC = NO;
				GCC_NO_COMMON_BLOCKS = YES;
				GCC_OPTIMIZATION_LEVEL = 0;
				GCC_PREPROCESSOR_DEFINITIONS = (
					"DEBUG=1",
					"$(inherited)",
				);
				GCC_WARN_64_TO_32_BIT_CONVERSION = YES;
				GCC_WARN_ABOUT_RETURN_TYPE = YES_ERROR;
				GCC_WARN_UNDECLARED_SELECTOR = YES;
				GCC_WARN_UNINITIALIZED_AUTOS = YES_AGGRESSIVE;
				GCC_WARN_UNUSED_FUNCTION = YES;
				GCC_WARN_UNUSED_VARIABLE = YES;
				IPHONEOS_DEPLOYMENT_TARGET = 9.3;
				MTL_ENABLE_DEBUG_INFO = YES;
				ONLY_ACTIVE_ARCH = YES;
				SDKROOT = iphoneos;
				SWIFT_OPTIMIZATION_LEVEL = "-Onone";
			};
			name = Debug;
		};
		045C22291D344EE900687511 /* Release */ = {
			isa = XCBuildConfiguration;
			buildSettings = {
				ALWAYS_SEARCH_USER_PATHS = NO;
				CLANG_ANALYZER_NONNULL = YES;
				CLANG_CXX_LANGUAGE_STANDARD = "gnu++0x";
				CLANG_CXX_LIBRARY = "libc++";
				CLANG_ENABLE_MODULES = YES;
				CLANG_ENABLE_OBJC_ARC = YES;
				CLANG_WARN_BOOL_CONVERSION = YES;
				CLANG_WARN_CONSTANT_CONVERSION = YES;
				CLANG_WARN_DIRECT_OBJC_ISA_USAGE = YES_ERROR;
				CLANG_WARN_EMPTY_BODY = YES;
				CLANG_WARN_ENUM_CONVERSION = YES;
				CLANG_WARN_INT_CONVERSION = YES;
				CLANG_WARN_OBJC_ROOT_CLASS = YES_ERROR;
				CLANG_WARN_UNREACHABLE_CODE = YES;
				CLANG_WARN__DUPLICATE_METHOD_MATCH = YES;
				"CODE_SIGN_IDENTITY[sdk=iphoneos*]" = "iPhone Developer";
				COPY_PHASE_STRIP = NO;
				DEBUG_INFORMATION_FORMAT = "dwarf-with-dsym";
				ENABLE_NS_ASSERTIONS = NO;
				ENABLE_STRICT_OBJC_MSGSEND = YES;
				GCC_C_LANGUAGE_STANDARD = gnu99;
				GCC_NO_COMMON_BLOCKS = YES;
				GCC_WARN_64_TO_32_BIT_CONVERSION = YES;
				GCC_WARN_ABOUT_RETURN_TYPE = YES_ERROR;
				GCC_WARN_UNDECLARED_SELECTOR = YES;
				GCC_WARN_UNINITIALIZED_AUTOS = YES_AGGRESSIVE;
				GCC_WARN_UNUSED_FUNCTION = YES;
				GCC_WARN_UNUSED_VARIABLE = YES;
				IPHONEOS_DEPLOYMENT_TARGET = 9.3;
				MTL_ENABLE_DEBUG_INFO = NO;
				SDKROOT = iphoneos;
				VALIDATE_PRODUCT = YES;
			};
			name = Release;
		};
		045C222B1D344EE900687511 /* Debug */ = {
			isa = XCBuildConfiguration;
			buildSettings = {
				ASSETCATALOG_COMPILER_APPICON_NAME = AppIcon;
				INFOPLIST_FILE = Vivant/Info.plist;
				LD_RUNPATH_SEARCH_PATHS = "$(inherited) @executable_path/Frameworks";
				PRODUCT_BUNDLE_IDENTIFIER = com.codeisjoy.Vivant;
				PRODUCT_NAME = "$(TARGET_NAME)";
			};
			name = Debug;
		};
		045C222C1D344EE900687511 /* Release */ = {
			isa = XCBuildConfiguration;
			buildSettings = {
				ASSETCATALOG_COMPILER_APPICON_NAME = AppIcon;
				INFOPLIST_FILE = Vivant/Info.plist;
				LD_RUNPATH_SEARCH_PATHS = "$(inherited) @executable_path/Frameworks";
				PRODUCT_BUNDLE_IDENTIFIER = com.codeisjoy.Vivant;
				PRODUCT_NAME = "$(TARGET_NAME)";
			};
			name = Release;
		};
		045C222E1D344EE900687511 /* Debug */ = {
			isa = XCBuildConfiguration;
			buildSettings = {
				BUNDLE_LOADER = "$(TEST_HOST)";
				INFOPLIST_FILE = VivantTests/Info.plist;
				LD_RUNPATH_SEARCH_PATHS = "$(inherited) @executable_path/Frameworks @loader_path/Frameworks";
				PRODUCT_BUNDLE_IDENTIFIER = com.codeisjoy.VivantTests;
				PRODUCT_NAME = "$(TARGET_NAME)";
				TEST_HOST = "$(BUILT_PRODUCTS_DIR)/Vivant.app/Vivant";
			};
			name = Debug;
		};
		045C222F1D344EE900687511 /* Release */ = {
			isa = XCBuildConfiguration;
			buildSettings = {
				BUNDLE_LOADER = "$(TEST_HOST)";
				INFOPLIST_FILE = VivantTests/Info.plist;
				LD_RUNPATH_SEARCH_PATHS = "$(inherited) @executable_path/Frameworks @loader_path/Frameworks";
				PRODUCT_BUNDLE_IDENTIFIER = com.codeisjoy.VivantTests;
				PRODUCT_NAME = "$(TARGET_NAME)";
				TEST_HOST = "$(BUILT_PRODUCTS_DIR)/Vivant.app/Vivant";
			};
			name = Release;
		};
/* End XCBuildConfiguration section */

/* Begin XCConfigurationList section */
		045C22081D344EE900687511 /* Build configuration list for PBXProject "Vivant" */ = {
			isa = XCConfigurationList;
			buildConfigurations = (
				045C22281D344EE900687511 /* Debug */,
				045C22291D344EE900687511 /* Release */,
			);
			defaultConfigurationIsVisible = 0;
			defaultConfigurationName = Release;
		};
		045C222A1D344EE900687511 /* Build configuration list for PBXNativeTarget "Vivant" */ = {
			isa = XCConfigurationList;
			buildConfigurations = (
				045C222B1D344EE900687511 /* Debug */,
				045C222C1D344EE900687511 /* Release */,
			);
			defaultConfigurationIsVisible = 0;
			defaultConfigurationName = Release;
		};
		045C222D1D344EE900687511 /* Build configuration list for PBXNativeTarget "VivantTests" */ = {
			isa = XCConfigurationList;
			buildConfigurations = (
				045C222E1D344EE900687511 /* Debug */,
				045C222F1D344EE900687511 /* Release */,
			);
			defaultConfigurationIsVisible = 0;
			defaultConfigurationName = Release;
		};
/* End XCConfigurationList section */
	};
	rootObject = 045C22051D344EE900687511 /* Project object */;
}
